
Microsoft Visual Studio Solution File, Format Version 12.00
# Visual Studio Version 17
VisualStudioVersion = 17.1.32407.343
MinimumVisualStudioVersion = 10.0.40219.1
Project("{FAE04EC0-301F-11D3-BF4B-00C04F79EFBC}") = "UML_Project", "UML_Project\UML_Project.csproj", "{161D08EC-4D8F-40F9-9EAC-BAB0A17438CD}"
EndProject
Global
	GlobalSection(SolutionConfigurationPlatforms) = preSolution
		Debug|Any CPU = Debug|Any CPU
		Release|Any CPU = Release|Any CPU
	EndGlobalSection
	GlobalSection(ProjectConfigurationPlatforms) = postSolution
		{161D08EC-4D8F-40F9-9EAC-BAB0A17438CD}.Debug|Any CPU.ActiveCfg = Debug|Any CPU
		{161D08EC-4D8F-40F9-9EAC-BAB0A17438CD}.Debug|Any CPU.Build.0 = Debug|Any CPU
		{161D08EC-4D8F-40F9-9EAC-BAB0A17438CD}.Release|Any CPU.ActiveCfg = Release|Any CPU
		{161D08EC-4D8F-40F9-9EAC-BAB0A17438CD}.Release|Any CPU.Build.0 = Release|Any CPU
	EndGlobalSection
	GlobalSection(SolutionProperties) = preSolution
		HideSolutionNode = FALSE
	EndGlobalSection
	GlobalSection(ExtensibilityGlobals) = postSolution
		SolutionGuid = {3D785FD7-7F76-4277-BBC3-49136541EDF6}
	EndGlobalSection
EndGlobal
